
Microsoft Visual Studio Solution File, Format Version 12.00
# Visual Studio Version 17
VisualStudioVersion = 17.3.32929.385
MinimumVisualStudioVersion = 10.0.40219.1
Project("{FAE04EC0-301F-11D3-BF4B-00C04F79EFBC}") = "Felhasznalo", "Felhasznalo\Felhasznalo.csproj", "{A704CF02-C57D-4520-AF0A-E927A09F3DC8}"
EndProject
Global
	GlobalSection(SolutionConfigurationPlatforms) = preSolution
		Debug|Any CPU = Debug|Any CPU
		Release|Any CPU = Release|Any CPU
	EndGlobalSection
	GlobalSection(ProjectConfigurationPlatforms) = postSolution
		{A704CF02-C57D-4520-AF0A-E927A09F3DC8}.Debug|Any CPU.ActiveCfg = Debug|Any CPU
		{A704CF02-C57D-4520-AF0A-E927A09F3DC8}.Debug|Any CPU.Build.0 = Debug|Any CPU
		{A704CF02-C57D-4520-AF0A-E927A09F3DC8}.Release|Any CPU.ActiveCfg = Release|Any CPU
		{A704CF02-C57D-4520-AF0A-E927A09F3DC8}.Release|Any CPU.Build.0 = Release|Any CPU
	EndGlobalSection
	GlobalSection(SolutionProperties) = preSolution
		HideSolutionNode = FALSE
	EndGlobalSection
	GlobalSection(ExtensibilityGlobals) = postSolution
		SolutionGuid = {EEF2058E-57E7-4BA8-8FCA-AC15558BE8A7}
	EndGlobalSection
EndGlobal
